
Microsoft Visual Studio Solution File, Format Version 12.00
# Visual Studio Version 17
VisualStudioVersion = 17.8.34525.116
MinimumVisualStudioVersion = 10.0.40219.1
Project("{FAE04EC0-301F-11D3-BF4B-00C04F79EFBC}") = "Producer", "Producer\Producer.csproj", "{12F48C4E-2FFD-4E7A-BD2E-AF34F5150842}"
EndProject
Project("{FAE04EC0-301F-11D3-BF4B-00C04F79EFBC}") = "Consumer", "Consumer\Consumer.csproj", "{D8961C05-5093-494F-88A4-235C80BFED88}"
EndProject
Global
	GlobalSection(SolutionConfigurationPlatforms) = preSolution
		Debug|Any CPU = Debug|Any CPU
		Release|Any CPU = Release|Any CPU
	EndGlobalSection
	GlobalSection(ProjectConfigurationPlatforms) = postSolution
		{12F48C4E-2FFD-4E7A-BD2E-AF34F5150842}.Debug|Any CPU.ActiveCfg = Debug|Any CPU
		{12F48C4E-2FFD-4E7A-BD2E-AF34F5150842}.Debug|Any CPU.Build.0 = Debug|Any CPU
		{12F48C4E-2FFD-4E7A-BD2E-AF34F5150842}.Release|Any CPU.ActiveCfg = Release|Any CPU
		{12F48C4E-2FFD-4E7A-BD2E-AF34F5150842}.Release|Any CPU.Build.0 = Release|Any CPU
		{D8961C05-5093-494F-88A4-235C80BFED88}.Debug|Any CPU.ActiveCfg = Debug|Any CPU
		{D8961C05-5093-494F-88A4-235C80BFED88}.Debug|Any CPU.Build.0 = Debug|Any CPU
		{D8961C05-5093-494F-88A4-235C80BFED88}.Release|Any CPU.ActiveCfg = Release|Any CPU
		{D8961C05-5093-494F-88A4-235C80BFED88}.Release|Any CPU.Build.0 = Release|Any CPU
	EndGlobalSection
	GlobalSection(SolutionProperties) = preSolution
		HideSolutionNode = FALSE
	EndGlobalSection
	GlobalSection(ExtensibilityGlobals) = postSolution
		SolutionGuid = {1E2F007D-F98B-49D3-83AF-39C1E68201FC}
	EndGlobalSection
EndGlobal
