
Microsoft Visual Studio Solution File, Format Version 12.00
# Visual Studio Version 17
VisualStudioVersion = 17.8.34525.116
MinimumVisualStudioVersion = 10.0.40219.1
Project("{2150E333-8FDC-42A3-9474-1A3956D46DE8}") = "Domain", "Domain", "{0DBD5061-7803-467D-BF22-A0B592FB8F52}"
EndProject
Project("{2150E333-8FDC-42A3-9474-1A3956D46DE8}") = "Infra.Bus", "Infra.Bus", "{5D87DA89-0625-439B-8B1E-8B00DC398D6D}"
EndProject
Project("{2150E333-8FDC-42A3-9474-1A3956D46DE8}") = "Infra.IoC", "Infra.IoC", "{71E9636A-232C-44D9-8225-D76EE2FF6BCE}"
EndProject
Project("{2150E333-8FDC-42A3-9474-1A3956D46DE8}") = "Microservices", "Microservices", "{84D08785-EA0D-4BB1-9C52-72859544BFE3}"
EndProject
Project("{2150E333-8FDC-42A3-9474-1A3956D46DE8}") = "Presentation", "Presentation", "{6F7DC1FF-FDDA-4AAC-AA31-488F8108683C}"
EndProject
Project("{FAE04EC0-301F-11D3-BF4B-00C04F79EFBC}") = "MicroRabbit.Domain.Core", "MicroRabbit.Domain.Core\MicroRabbit.Domain.Core.csproj", "{26B768F5-37F3-4662-B8FD-017E06A97826}"
EndProject
Project("{FAE04EC0-301F-11D3-BF4B-00C04F79EFBC}") = "MicroRabbit.Infra.Bus", "MicroRabbit.Infra.Bus\MicroRabbit.Infra.Bus.csproj", "{1389D8CC-CD08-4F06-95C8-92D30B4BB104}"
EndProject
Project("{FAE04EC0-301F-11D3-BF4B-00C04F79EFBC}") = "MicroRabbit.Infra.IoC", "MicroRabbit.Infra.IoC\MicroRabbit.Infra.IoC.csproj", "{40184AFA-6C4E-4797-A608-090E72941DB0}"
EndProject
Global
	GlobalSection(SolutionConfigurationPlatforms) = preSolution
		Debug|Any CPU = Debug|Any CPU
		Release|Any CPU = Release|Any CPU
	EndGlobalSection
	GlobalSection(ProjectConfigurationPlatforms) = postSolution
		{26B768F5-37F3-4662-B8FD-017E06A97826}.Debug|Any CPU.ActiveCfg = Debug|Any CPU
		{26B768F5-37F3-4662-B8FD-017E06A97826}.Debug|Any CPU.Build.0 = Debug|Any CPU
		{26B768F5-37F3-4662-B8FD-017E06A97826}.Release|Any CPU.ActiveCfg = Release|Any CPU
		{26B768F5-37F3-4662-B8FD-017E06A97826}.Release|Any CPU.Build.0 = Release|Any CPU
		{1389D8CC-CD08-4F06-95C8-92D30B4BB104}.Debug|Any CPU.ActiveCfg = Debug|Any CPU
		{1389D8CC-CD08-4F06-95C8-92D30B4BB104}.Debug|Any CPU.Build.0 = Debug|Any CPU
		{1389D8CC-CD08-4F06-95C8-92D30B4BB104}.Release|Any CPU.ActiveCfg = Release|Any CPU
		{1389D8CC-CD08-4F06-95C8-92D30B4BB104}.Release|Any CPU.Build.0 = Release|Any CPU
		{40184AFA-6C4E-4797-A608-090E72941DB0}.Debug|Any CPU.ActiveCfg = Debug|Any CPU
		{40184AFA-6C4E-4797-A608-090E72941DB0}.Debug|Any CPU.Build.0 = Debug|Any CPU
		{40184AFA-6C4E-4797-A608-090E72941DB0}.Release|Any CPU.ActiveCfg = Release|Any CPU
		{40184AFA-6C4E-4797-A608-090E72941DB0}.Release|Any CPU.Build.0 = Release|Any CPU
	EndGlobalSection
	GlobalSection(SolutionProperties) = preSolution
		HideSolutionNode = FALSE
	EndGlobalSection
	GlobalSection(NestedProjects) = preSolution
		{26B768F5-37F3-4662-B8FD-017E06A97826} = {0DBD5061-7803-467D-BF22-A0B592FB8F52}
		{1389D8CC-CD08-4F06-95C8-92D30B4BB104} = {5D87DA89-0625-439B-8B1E-8B00DC398D6D}
		{40184AFA-6C4E-4797-A608-090E72941DB0} = {71E9636A-232C-44D9-8225-D76EE2FF6BCE}
	EndGlobalSection
	GlobalSection(ExtensibilityGlobals) = postSolution
		SolutionGuid = {2320D9F3-821D-40AB-A952-DC8DF6E092CD}
	EndGlobalSection
EndGlobal
